// !$*UTF8*$!
{
	archiveVersion = 1;
	classes = {
	};
	objectVersion = 55;
	objects = {

/* Begin PBXBuildFile section */
		685D4B9A2758F7AB00250C26 /* AppDelegate.swift in Sources */ = {isa = PBXBuildFile; fileRef = 685D4B992758F7AB00250C26 /* AppDelegate.swift */; };
		685D4B9C2758F7AB00250C26 /* SceneDelegate.swift in Sources */ = {isa = PBXBuildFile; fileRef = 685D4B9B2758F7AB00250C26 /* SceneDelegate.swift */; };
		685D4B9E2758F7AB00250C26 /* ViewController.swift in Sources */ = {isa = PBXBuildFile; fileRef = 685D4B9D2758F7AB00250C26 /* ViewController.swift */; };
		685D4BA12758F7AB00250C26 /* Main.storyboard in Resources */ = {isa = PBXBuildFile; fileRef = 685D4B9F2758F7AB00250C26 /* Main.storyboard */; };
		685D4BA32758F7AD00250C26 /* Assets.xcassets in Resources */ = {isa = PBXBuildFile; fileRef = 685D4BA22758F7AD00250C26 /* Assets.xcassets */; };
		685D4BA62758F7AD00250C26 /* LaunchScreen.storyboard in Resources */ = {isa = PBXBuildFile; fileRef = 685D4BA42758F7AD00250C26 /* LaunchScreen.storyboard */; };
		685D4BBF275D1FAD00250C26 /* h5_model.mlmodel in Sources */ = {isa = PBXBuildFile; fileRef = 685D4BBE275D1FAD00250C26 /* h5_model.mlmodel */; };
		685D4BC42760A9FA00250C26 /* UIcolor_Extension.swift in Sources */ = {isa = PBXBuildFile; fileRef = 685D4BC32760A9FA00250C26 /* UIcolor_Extension.swift */; };
		685D4BC62764DC0000250C26 /* DrawView.storyboard in Resources */ = {isa = PBXBuildFile; fileRef = 685D4BC52764DC0000250C26 /* DrawView.storyboard */; };
		685D4BC82764DE7800250C26 /* DrawViewController.swift in Sources */ = {isa = PBXBuildFile; fileRef = 685D4BC72764DE7800250C26 /* DrawViewController.swift */; };
		685D4BCA2765DDA800250C26 /* Canvas.swift in Sources */ = {isa = PBXBuildFile; fileRef = 685D4BC92765DDA800250C26 /* Canvas.swift */; };
		685D4BCC27663F1500250C26 /* SideMenu.swift in Sources */ = {isa = PBXBuildFile; fileRef = 685D4BCB27663F1500250C26 /* SideMenu.swift */; };
		685D4BD02767E86000250C26 /* Caluculator.storyboard in Resources */ = {isa = PBXBuildFile; fileRef = 685D4BCF2767E86000250C26 /* Caluculator.storyboard */; };
		685D4BD22767E88800250C26 /* CaluculateViewController.swift in Sources */ = {isa = PBXBuildFile; fileRef = 685D4BD12767E88800250C26 /* CaluculateViewController.swift */; };
		68608EEB2778A7270079D668 /* h5_mark_model.mlmodel in Sources */ = {isa = PBXBuildFile; fileRef = 68608EEA2778A7270079D668 /* h5_mark_model.mlmodel */; };
		68DCA03E27CCB90C00B69D85 /* UIImage_Extension.swift in Sources */ = {isa = PBXBuildFile; fileRef = 68DCA03D27CCB90C00B69D85 /* UIImage_Extension.swift */; };
		68DCA04027CCBA5F00B69D85 /* UIView_Extension.swift in Sources */ = {isa = PBXBuildFile; fileRef = 68DCA03F27CCBA5F00B69D85 /* UIView_Extension.swift */; };
		93C6A347527D40DA65DFBC56 /* Pods_mnist_keras.framework in Frameworks */ = {isa = PBXBuildFile; fileRef = 564442663CA2B630E34529F6 /* Pods_mnist_keras.framework */; };
/* End PBXBuildFile section */

/* Begin PBXFileReference section */
		564442663CA2B630E34529F6 /* Pods_mnist_keras.framework */ = {isa = PBXFileReference; explicitFileType = wrapper.framework; includeInIndex = 0; path = Pods_mnist_keras.framework; sourceTree = BUILT_PRODUCTS_DIR; };
		61FE62F25941848A60F24A44 /* Pods-mnist_keras.release.xcconfig */ = {isa = PBXFileReference; includeInIndex = 1; lastKnownFileType = text.xcconfig; name = "Pods-mnist_keras.release.xcconfig"; path = "Target Support Files/Pods-mnist_keras/Pods-mnist_keras.release.xcconfig"; sourceTree = "<group>"; };
		685D4B962758F7AB00250C26 /* mnist_keras.app */ = {isa = PBXFileReference; explicitFileType = wrapper.application; includeInIndex = 0; path = mnist_keras.app; sourceTree = BUILT_PRODUCTS_DIR; };
		685D4B992758F7AB00250C26 /* AppDelegate.swift */ = {isa = PBXFileReference; lastKnownFileType = sourcecode.swift; path = AppDelegate.swift; sourceTree = "<group>"; };
		685D4B9B2758F7AB00250C26 /* SceneDelegate.swift */ = {isa = PBXFileReference; lastKnownFileType = sourcecode.swift; path = SceneDelegate.swift; sourceTree = "<group>"; };
		685D4B9D2758F7AB00250C26 /* ViewController.swift */ = {isa = PBXFileReference; lastKnownFileType = sourcecode.swift; path = ViewController.swift; sourceTree = "<group>"; };
		685D4BA02758F7AB00250C26 /* Base */ = {isa = PBXFileReference; lastKnownFileType = file.storyboard; name = Base; path = Base.lproj/Main.storyboard; sourceTree = "<group>"; };
		685D4BA22758F7AD00250C26 /* Assets.xcassets */ = {isa = PBXFileReference; lastKnownFileType = folder.assetcatalog; path = Assets.xcassets; sourceTree = "<group>"; };
		685D4BA52758F7AD00250C26 /* Base */ = {isa = PBXFileReference; lastKnownFileType = file.storyboard; name = Base; path = Base.lproj/LaunchScreen.storyboard; sourceTree = "<group>"; };
		685D4BA72758F7AD00250C26 /* Info.plist */ = {isa = PBXFileReference; lastKnownFileType = text.plist.xml; path = Info.plist; sourceTree = "<group>"; };
		685D4BBE275D1FAD00250C26 /* h5_model.mlmodel */ = {isa = PBXFileReference; lastKnownFileType = file.mlmodel; path = h5_model.mlmodel; sourceTree = "<group>"; };
		685D4BC32760A9FA00250C26 /* UIcolor_Extension.swift */ = {isa = PBXFileReference; lastKnownFileType = sourcecode.swift; path = UIcolor_Extension.swift; sourceTree = "<group>"; };
		685D4BC52764DC0000250C26 /* DrawView.storyboard */ = {isa = PBXFileReference; lastKnownFileType = file.storyboard; path = DrawView.storyboard; sourceTree = "<group>"; };
		685D4BC72764DE7800250C26 /* DrawViewController.swift */ = {isa = PBXFileReference; lastKnownFileType = sourcecode.swift; path = DrawViewController.swift; sourceTree = "<group>"; };
		685D4BC92765DDA800250C26 /* Canvas.swift */ = {isa = PBXFileReference; lastKnownFileType = sourcecode.swift; path = Canvas.swift; sourceTree = "<group>"; };
		685D4BCB27663F1500250C26 /* SideMenu.swift */ = {isa = PBXFileReference; lastKnownFileType = sourcecode.swift; path = SideMenu.swift; sourceTree = "<group>"; };
		685D4BCF2767E86000250C26 /* Caluculator.storyboard */ = {isa = PBXFileReference; lastKnownFileType = file.storyboard; path = Caluculator.storyboard; sourceTree = "<group>"; };
		685D4BD12767E88800250C26 /* CaluculateViewController.swift */ = {isa = PBXFileReference; lastKnownFileType = sourcecode.swift; path = CaluculateViewController.swift; sourceTree = "<group>"; };
		68608EEA2778A7270079D668 /* h5_mark_model.mlmodel */ = {isa = PBXFileReference; lastKnownFileType = file.mlmodel; path = h5_mark_model.mlmodel; sourceTree = "<group>"; };
		68DCA03D27CCB90C00B69D85 /* UIImage_Extension.swift */ = {isa = PBXFileReference; lastKnownFileType = sourcecode.swift; path = UIImage_Extension.swift; sourceTree = "<group>"; };
		68DCA03F27CCBA5F00B69D85 /* UIView_Extension.swift */ = {isa = PBXFileReference; lastKnownFileType = sourcecode.swift; path = UIView_Extension.swift; sourceTree = "<group>"; };
		D098940ED6EF6CDEEC50DCD8 /* Pods-mnist_keras.debug.xcconfig */ = {isa = PBXFileReference; includeInIndex = 1; lastKnownFileType = text.xcconfig; name = "Pods-mnist_keras.debug.xcconfig"; path = "Target Support Files/Pods-mnist_keras/Pods-mnist_keras.debug.xcconfig"; sourceTree = "<group>"; };
/* End PBXFileReference section */

/* Begin PBXFrameworksBuildPhase section */
		685D4B932758F7AB00250C26 /* Frameworks */ = {
			isa = PBXFrameworksBuildPhase;
			buildActionMask = 2147483647;
			files = (
				93C6A347527D40DA65DFBC56 /* Pods_mnist_keras.framework in Frameworks */,
			);
			runOnlyForDeploymentPostprocessing = 0;
		};
/* End PBXFrameworksBuildPhase section */

/* Begin PBXGroup section */
		157DE4F0EA9B520355C9819B /* Frameworks */ = {
			isa = PBXGroup;
			children = (
				564442663CA2B630E34529F6 /* Pods_mnist_keras.framework */,
			);
			name = Frameworks;
			sourceTree = "<group>";
		};
		685D4B8D2758F7AB00250C26 = {
			isa = PBXGroup;
			children = (
				685D4B982758F7AB00250C26 /* mnist_keras */,
				685D4B972758F7AB00250C26 /* Products */,
				D092A7C61C519FBD868D7B3B /* Pods */,
				157DE4F0EA9B520355C9819B /* Frameworks */,
			);
			sourceTree = "<group>";
		};
		685D4B972758F7AB00250C26 /* Products */ = {
			isa = PBXGroup;
			children = (
				685D4B962758F7AB00250C26 /* mnist_keras.app */,
			);
			name = Products;
			sourceTree = "<group>";
		};
		685D4B982758F7AB00250C26 /* mnist_keras */ = {
			isa = PBXGroup;
			children = (
				68DCA04227CCBAB000B69D85 /* ViewController */,
				68DCA04127CCBA9100B69D85 /* Storyboard */,
				685D4BCE276643E100250C26 /* Extensions */,
				685D4BCD276643D000250C26 /* Class */,
				685D4B992758F7AB00250C26 /* AppDelegate.swift */,
				685D4B9B2758F7AB00250C26 /* SceneDelegate.swift */,
				685D4BA22758F7AD00250C26 /* Assets.xcassets */,
				685D4BA72758F7AD00250C26 /* Info.plist */,
				685D4BBE275D1FAD00250C26 /* h5_model.mlmodel */,
				68608EEA2778A7270079D668 /* h5_mark_model.mlmodel */,
			);
			path = mnist_keras;
			sourceTree = "<group>";
		};
		685D4BCD276643D000250C26 /* Class */ = {
			isa = PBXGroup;
			children = (
				685D4BCB27663F1500250C26 /* SideMenu.swift */,
				685D4BC92765DDA800250C26 /* Canvas.swift */,
			);
			path = Class;
			sourceTree = "<group>";
		};
		685D4BCE276643E100250C26 /* Extensions */ = {
			isa = PBXGroup;
			children = (
				685D4BC32760A9FA00250C26 /* UIcolor_Extension.swift */,
				68DCA03D27CCB90C00B69D85 /* UIImage_Extension.swift */,
				68DCA03F27CCBA5F00B69D85 /* UIView_Extension.swift */,
			);
			path = Extensions;
			sourceTree = "<group>";
		};
		68DCA04127CCBA9100B69D85 /* Storyboard */ = {
			isa = PBXGroup;
			children = (
				685D4B9F2758F7AB00250C26 /* Main.storyboard */,
				685D4BC52764DC0000250C26 /* DrawView.storyboard */,
				685D4BCF2767E86000250C26 /* Caluculator.storyboard */,
				685D4BA42758F7AD00250C26 /* LaunchScreen.storyboard */,
			);
			path = Storyboard;
			sourceTree = "<group>";
		};
		68DCA04227CCBAB000B69D85 /* ViewController */ = {
			isa = PBXGroup;
			children = (
				685D4B9D2758F7AB00250C26 /* ViewController.swift */,
				685D4BC72764DE7800250C26 /* DrawViewController.swift */,
				685D4BD12767E88800250C26 /* CaluculateViewController.swift */,
			);
			path = ViewController;
			sourceTree = "<group>";
		};
		D092A7C61C519FBD868D7B3B /* Pods */ = {
			isa = PBXGroup;
			children = (
				D098940ED6EF6CDEEC50DCD8 /* Pods-mnist_keras.debug.xcconfig */,
				61FE62F25941848A60F24A44 /* Pods-mnist_keras.release.xcconfig */,
			);
			path = Pods;
			sourceTree = "<group>";
		};
/* End PBXGroup section */

/* Begin PBXNativeTarget section */
		685D4B952758F7AB00250C26 /* mnist_keras */ = {
			isa = PBXNativeTarget;
			buildConfigurationList = 685D4BAA2758F7AD00250C26 /* Build configuration list for PBXNativeTarget "mnist_keras" */;
			buildPhases = (
				3E5F29A9B1A39899E0E594D8 /* [CP] Check Pods Manifest.lock */,
				685D4B922758F7AB00250C26 /* Sources */,
				685D4B932758F7AB00250C26 /* Frameworks */,
				685D4B942758F7AB00250C26 /* Resources */,
				DA6885F11E6528F8A081EED9 /* [CP] Embed Pods Frameworks */,
			);
			buildRules = (
			);
			dependencies = (
			);
			name = mnist_keras;
			productName = mnist_keras;
			productReference = 685D4B962758F7AB00250C26 /* mnist_keras.app */;
			productType = "com.apple.product-type.application";
		};
/* End PBXNativeTarget section */

/* Begin PBXProject section */
		685D4B8E2758F7AB00250C26 /* Project object */ = {
			isa = PBXProject;
			attributes = {
				BuildIndependentTargetsInParallel = 1;
				LastSwiftUpdateCheck = 1300;
				LastUpgradeCheck = 1300;
				TargetAttributes = {
					685D4B952758F7AB00250C26 = {
						CreatedOnToolsVersion = 13.0;
					};
				};
			};
			buildConfigurationList = 685D4B912758F7AB00250C26 /* Build configuration list for PBXProject "mnist_keras" */;
			compatibilityVersion = "Xcode 13.0";
			developmentRegion = en;
			hasScannedForEncodings = 0;
			knownRegions = (
				en,
				Base,
			);
			mainGroup = 685D4B8D2758F7AB00250C26;
			productRefGroup = 685D4B972758F7AB00250C26 /* Products */;
			projectDirPath = "";
			projectRoot = "";
			targets = (
				685D4B952758F7AB00250C26 /* mnist_keras */,
			);
		};
/* End PBXProject section */

/* Begin PBXResourcesBuildPhase section */
		685D4B942758F7AB00250C26 /* Resources */ = {
			isa = PBXResourcesBuildPhase;
			buildActionMask = 2147483647;
			files = (
				685D4BA62758F7AD00250C26 /* LaunchScreen.storyboard in Resources */,
				685D4BD02767E86000250C26 /* Caluculator.storyboard in Resources */,
				685D4BC62764DC0000250C26 /* DrawView.storyboard in Resources */,
				685D4BA32758F7AD00250C26 /* Assets.xcassets in Resources */,
				685D4BA12758F7AB00250C26 /* Main.storyboard in Resources */,
			);
			runOnlyForDeploymentPostprocessing = 0;
		};
/* End PBXResourcesBuildPhase section */

/* Begin PBXShellScriptBuildPhase section */
		3E5F29A9B1A39899E0E594D8 /* [CP] Check Pods Manifest.lock */ = {
			isa = PBXShellScriptBuildPhase;
			buildActionMask = 2147483647;
			files = (
			);
			inputFileListPaths = (
			);
			inputPaths = (
				"${PODS_PODFILE_DIR_PATH}/Podfile.lock",
				"${PODS_ROOT}/Manifest.lock",
			);
			name = "[CP] Check Pods Manifest.lock";
			outputFileListPaths = (
			);
			outputPaths = (
				"$(DERIVED_FILE_DIR)/Pods-mnist_keras-checkManifestLockResult.txt",
			);
			runOnlyForDeploymentPostprocessing = 0;
			shellPath = /bin/sh;
			shellScript = "diff \"${PODS_PODFILE_DIR_PATH}/Podfile.lock\" \"${PODS_ROOT}/Manifest.lock\" > /dev/null\nif [ $? != 0 ] ; then\n    # print error to STDERR\n    echo \"error: The sandbox is not in sync with the Podfile.lock. Run 'pod install' or update your CocoaPods installation.\" >&2\n    exit 1\nfi\n# This output is used by Xcode 'outputs' to avoid re-running this script phase.\necho \"SUCCESS\" > \"${SCRIPT_OUTPUT_FILE_0}\"\n";
			showEnvVarsInLog = 0;
		};
		DA6885F11E6528F8A081EED9 /* [CP] Embed Pods Frameworks */ = {
			isa = PBXShellScriptBuildPhase;
			buildActionMask = 2147483647;
			files = (
			);
			inputFileListPaths = (
				"${PODS_ROOT}/Target Support Files/Pods-mnist_keras/Pods-mnist_keras-frameworks-${CONFIGURATION}-input-files.xcfilelist",
			);
			name = "[CP] Embed Pods Frameworks";
			outputFileListPaths = (
				"${PODS_ROOT}/Target Support Files/Pods-mnist_keras/Pods-mnist_keras-frameworks-${CONFIGURATION}-output-files.xcfilelist",
			);
			runOnlyForDeploymentPostprocessing = 0;
			shellPath = /bin/sh;
			shellScript = "\"${PODS_ROOT}/Target Support Files/Pods-mnist_keras/Pods-mnist_keras-frameworks.sh\"\n";
			showEnvVarsInLog = 0;
		};
/* End PBXShellScriptBuildPhase section */

/* Begin PBXSourcesBuildPhase section */
		685D4B922758F7AB00250C26 /* Sources */ = {
			isa = PBXSourcesBuildPhase;
			buildActionMask = 2147483647;
			files = (
				685D4BCA2765DDA800250C26 /* Canvas.swift in Sources */,
				685D4BC82764DE7800250C26 /* DrawViewController.swift in Sources */,
				68DCA04027CCBA5F00B69D85 /* UIView_Extension.swift in Sources */,
				685D4BD22767E88800250C26 /* CaluculateViewController.swift in Sources */,
				685D4B9E2758F7AB00250C26 /* ViewController.swift in Sources */,
				68608EEB2778A7270079D668 /* h5_mark_model.mlmodel in Sources */,
				685D4BCC27663F1500250C26 /* SideMenu.swift in Sources */,
				685D4BBF275D1FAD00250C26 /* h5_model.mlmodel in Sources */,
				685D4B9A2758F7AB00250C26 /* AppDelegate.swift in Sources */,
				685D4B9C2758F7AB00250C26 /* SceneDelegate.swift in Sources */,
				685D4BC42760A9FA00250C26 /* UIcolor_Extension.swift in Sources */,
				68DCA03E27CCB90C00B69D85 /* UIImage_Extension.swift in Sources */,
			);
			runOnlyForDeploymentPostprocessing = 0;
		};
/* End PBXSourcesBuildPhase section */

/* Begin PBXVariantGroup section */
		685D4B9F2758F7AB00250C26 /* Main.storyboard */ = {
			isa = PBXVariantGroup;
			children = (
				685D4BA02758F7AB00250C26 /* Base */,
			);
			name = Main.storyboard;
			sourceTree = "<group>";
		};
		685D4BA42758F7AD00250C26 /* LaunchScreen.storyboard */ = {
			isa = PBXVariantGroup;
			children = (
				685D4BA52758F7AD00250C26 /* Base */,
			);
			name = LaunchScreen.storyboard;
			sourceTree = "<group>";
		};
/* End PBXVariantGroup section */

/* Begin XCBuildConfiguration section */
		685D4BA82758F7AD00250C26 /* Debug */ = {
			isa = XCBuildConfiguration;
			buildSettings = {
				ALWAYS_SEARCH_USER_PATHS = NO;
				CLANG_ANALYZER_NONNULL = YES;
				CLANG_ANALYZER_NUMBER_OBJECT_CONVERSION = YES_AGGRESSIVE;
				CLANG_CXX_LANGUAGE_STANDARD = "gnu++17";
				CLANG_CXX_LIBRARY = "libc++";
				CLANG_ENABLE_MODULES = YES;
				CLANG_ENABLE_OBJC_ARC = YES;
				CLANG_ENABLE_OBJC_WEAK = YES;
				CLANG_WARN_BLOCK_CAPTURE_AUTORELEASING = YES;
				CLANG_WARN_BOOL_CONVERSION = YES;
				CLANG_WARN_COMMA = YES;
				CLANG_WARN_CONSTANT_CONVERSION = YES;
				CLANG_WARN_DEPRECATED_OBJC_IMPLEMENTATIONS = YES;
				CLANG_WARN_DIRECT_OBJC_ISA_USAGE = YES_ERROR;
				CLANG_WARN_DOCUMENTATION_COMMENTS = YES;
				CLANG_WARN_EMPTY_BODY = YES;
				CLANG_WARN_ENUM_CONVERSION = YES;
				CLANG_WARN_INFINITE_RECURSION = YES;
				CLANG_WARN_INT_CONVERSION = YES;
				CLANG_WARN_NON_LITERAL_NULL_CONVERSION = YES;
				CLANG_WARN_OBJC_IMPLICIT_RETAIN_SELF = YES;
				CLANG_WARN_OBJC_LITERAL_CONVERSION = YES;
				CLANG_WARN_OBJC_ROOT_CLASS = YES_ERROR;
				CLANG_WARN_QUOTED_INCLUDE_IN_FRAMEWORK_HEADER = YES;
				CLANG_WARN_RANGE_LOOP_ANALYSIS = YES;
				CLANG_WARN_STRICT_PROTOTYPES = YES;
				CLANG_WARN_SUSPICIOUS_MOVE = YES;
				CLANG_WARN_UNGUARDED_AVAILABILITY = YES_AGGRESSIVE;
				CLANG_WARN_UNREACHABLE_CODE = YES;
				CLANG_WARN__DUPLICATE_METHOD_MATCH = YES;
				COPY_PHASE_STRIP = NO;
				DEBUG_INFORMATION_FORMAT = dwarf;
				ENABLE_STRICT_OBJC_MSGSEND = YES;
				ENABLE_TESTABILITY = YES;
				GCC_C_LANGUAGE_STANDARD = gnu11;
				GCC_DYNAMIC_NO_PIC = NO;
				GCC_NO_COMMON_BLOCKS = YES;
				GCC_OPTIMIZATION_LEVEL = 0;
				GCC_PREPROCESSOR_DEFINITIONS = (
					"DEBUG=1",
					"$(inherited)",
				);
				GCC_WARN_64_TO_32_BIT_CONVERSION = YES;
				GCC_WARN_ABOUT_RETURN_TYPE = YES_ERROR;
				GCC_WARN_UNDECLARED_SELECTOR = YES;
				GCC_WARN_UNINITIALIZED_AUTOS = YES_AGGRESSIVE;
				GCC_WARN_UNUSED_FUNCTION = YES;
				GCC_WARN_UNUSED_VARIABLE = YES;
				IPHONEOS_DEPLOYMENT_TARGET = 15.0;
				MTL_ENABLE_DEBUG_INFO = INCLUDE_SOURCE;
				MTL_FAST_MATH = YES;
				ONLY_ACTIVE_ARCH = YES;
				SDKROOT = iphoneos;
				SWIFT_ACTIVE_COMPILATION_CONDITIONS = DEBUG;
				SWIFT_OPTIMIZATION_LEVEL = "-Onone";
			};
			name = Debug;
		};
		685D4BA92758F7AD00250C26 /* Release */ = {
			isa = XCBuildConfiguration;
			buildSettings = {
				ALWAYS_SEARCH_USER_PATHS = NO;
				CLANG_ANALYZER_NONNULL = YES;
				CLANG_ANALYZER_NUMBER_OBJECT_CONVERSION = YES_AGGRESSIVE;
				CLANG_CXX_LANGUAGE_STANDARD = "gnu++17";
				CLANG_CXX_LIBRARY = "libc++";
				CLANG_ENABLE_MODULES = YES;
				CLANG_ENABLE_OBJC_ARC = YES;
				CLANG_ENABLE_OBJC_WEAK = YES;
				CLANG_WARN_BLOCK_CAPTURE_AUTORELEASING = YES;
				CLANG_WARN_BOOL_CONVERSION = YES;
				CLANG_WARN_COMMA = YES;
				CLANG_WARN_CONSTANT_CONVERSION = YES;
				CLANG_WARN_DEPRECATED_OBJC_IMPLEMENTATIONS = YES;
				CLANG_WARN_DIRECT_OBJC_ISA_USAGE = YES_ERROR;
				CLANG_WARN_DOCUMENTATION_COMMENTS = YES;
				CLANG_WARN_EMPTY_BODY = YES;
				CLANG_WARN_ENUM_CONVERSION = YES;
				CLANG_WARN_INFINITE_RECURSION = YES;
				CLANG_WARN_INT_CONVERSION = YES;
				CLANG_WARN_NON_LITERAL_NULL_CONVERSION = YES;
				CLANG_WARN_OBJC_IMPLICIT_RETAIN_SELF = YES;
				CLANG_WARN_OBJC_LITERAL_CONVERSION = YES;
				CLANG_WARN_OBJC_ROOT_CLASS = YES_ERROR;
				CLANG_WARN_QUOTED_INCLUDE_IN_FRAMEWORK_HEADER = YES;
				CLANG_WARN_RANGE_LOOP_ANALYSIS = YES;
				CLANG_WARN_STRICT_PROTOTYPES = YES;
				CLANG_WARN_SUSPICIOUS_MOVE = YES;
				CLANG_WARN_UNGUARDED_AVAILABILITY = YES_AGGRESSIVE;
				CLANG_WARN_UNREACHABLE_CODE = YES;
				CLANG_WARN__DUPLICATE_METHOD_MATCH = YES;
				COPY_PHASE_STRIP = NO;
				DEBUG_INFORMATION_FORMAT = "dwarf-with-dsym";
				ENABLE_NS_ASSERTIONS = NO;
				ENABLE_STRICT_OBJC_MSGSEND = YES;
				GCC_C_LANGUAGE_STANDARD = gnu11;
				GCC_NO_COMMON_BLOCKS = YES;
				GCC_WARN_64_TO_32_BIT_CONVERSION = YES;
				GCC_WARN_ABOUT_RETURN_TYPE = YES_ERROR;
				GCC_WARN_UNDECLARED_SELECTOR = YES;
				GCC_WARN_UNINITIALIZED_AUTOS = YES_AGGRESSIVE;
				GCC_WARN_UNUSED_FUNCTION = YES;
				GCC_WARN_UNUSED_VARIABLE = YES;
				IPHONEOS_DEPLOYMENT_TARGET = 15.0;
				MTL_ENABLE_DEBUG_INFO = NO;
				MTL_FAST_MATH = YES;
				SDKROOT = iphoneos;
				SWIFT_COMPILATION_MODE = wholemodule;
				SWIFT_OPTIMIZATION_LEVEL = "-O";
				VALIDATE_PRODUCT = YES;
			};
			name = Release;
		};
		685D4BAB2758F7AD00250C26 /* Debug */ = {
			isa = XCBuildConfiguration;
			baseConfigurationReference = D098940ED6EF6CDEEC50DCD8 /* Pods-mnist_keras.debug.xcconfig */;
			buildSettings = {
				ASSETCATALOG_COMPILER_APPICON_NAME = AppIcon;
				ASSETCATALOG_COMPILER_GLOBAL_ACCENT_COLOR_NAME = AccentColor;
				CODE_SIGN_STYLE = Automatic;
				CURRENT_PROJECT_VERSION = 1;
				DEVELOPMENT_TEAM = 2FZRK6M67D;
				GENERATE_INFOPLIST_FILE = YES;
				INFOPLIST_FILE = mnist_keras/Info.plist;
				INFOPLIST_KEY_NSCameraUsageDescription = "カメラにアクセスします";
				INFOPLIST_KEY_UIApplicationSupportsIndirectInputEvents = YES;
				INFOPLIST_KEY_UILaunchStoryboardName = LaunchScreen;
				INFOPLIST_KEY_UIMainStoryboardFile = DrawView;
				INFOPLIST_KEY_UISupportedInterfaceOrientations_iPad = "UIInterfaceOrientationPortrait UIInterfaceOrientationPortraitUpsideDown UIInterfaceOrientationLandscapeLeft UIInterfaceOrientationLandscapeRight";
				INFOPLIST_KEY_UISupportedInterfaceOrientations_iPhone = "UIInterfaceOrientationPortrait UIInterfaceOrientationLandscapeLeft UIInterfaceOrientationLandscapeRight";
				LD_RUNPATH_SEARCH_PATHS = (
					"$(inherited)",
					"@executable_path/Frameworks",
				);
				MARKETING_VERSION = 1.0;
				PRODUCT_BUNDLE_IDENTIFIER = "jp.softbank.i.tktaaa1124.mnist-keras";
				PRODUCT_NAME = "$(TARGET_NAME)";
				SWIFT_EMIT_LOC_STRINGS = YES;
				SWIFT_VERSION = 5.0;
				TARGETED_DEVICE_FAMILY = "1,2";
			};
			name = Debug;
		};
		685D4BAC2758F7AD00250C26 /* Release */ = {
			isa = XCBuildConfiguration;
			baseConfigurationReference = 61FE62F25941848A60F24A44 /* Pods-mnist_keras.release.xcconfig */;
			buildSettings = {
				ASSETCATALOG_COMPILER_APPICON_NAME = AppIcon;
				ASSETCATALOG_COMPILER_GLOBAL_ACCENT_COLOR_NAME = AccentColor;
				CODE_SIGN_STYLE = Automatic;
				CURRENT_PROJECT_VERSION = 1;
				DEVELOPMENT_TEAM = 2FZRK6M67D;
				GENERATE_INFOPLIST_FILE = YES;
				INFOPLIST_FILE = mnist_keras/Info.plist;
				INFOPLIST_KEY_NSCameraUsageDescription = "カメラにアクセスします";
				INFOPLIST_KEY_UIApplicationSupportsIndirectInputEvents = YES;
				INFOPLIST_KEY_UILaunchStoryboardName = LaunchScreen;
				INFOPLIST_KEY_UIMainStoryboardFile = DrawView;
				INFOPLIST_KEY_UISupportedInterfaceOrientations_iPad = "UIInterfaceOrientationPortrait UIInterfaceOrientationPortraitUpsideDown UIInterfaceOrientationLandscapeLeft UIInterfaceOrientationLandscapeRight";
				INFOPLIST_KEY_UISupportedInterfaceOrientations_iPhone = "UIInterfaceOrientationPortrait UIInterfaceOrientationLandscapeLeft UIInterfaceOrientationLandscapeRight";
				LD_RUNPATH_SEARCH_PATHS = (
					"$(inherited)",
					"@executable_path/Frameworks",
				);
				MARKETING_VERSION = 1.0;
				PRODUCT_BUNDLE_IDENTIFIER = "jp.softbank.i.tktaaa1124.mnist-keras";
				PRODUCT_NAME = "$(TARGET_NAME)";
				SWIFT_EMIT_LOC_STRINGS = YES;
				SWIFT_VERSION = 5.0;
				TARGETED_DEVICE_FAMILY = "1,2";
			};
			name = Release;
		};
/* End XCBuildConfiguration section */

/* Begin XCConfigurationList section */
		685D4B912758F7AB00250C26 /* Build configuration list for PBXProject "mnist_keras" */ = {
			isa = XCConfigurationList;
			buildConfigurations = (
				685D4BA82758F7AD00250C26 /* Debug */,
				685D4BA92758F7AD00250C26 /* Release */,
			);
			defaultConfigurationIsVisible = 0;
			defaultConfigurationName = Release;
		};
		685D4BAA2758F7AD00250C26 /* Build configuration list for PBXNativeTarget "mnist_keras" */ = {
			isa = XCConfigurationList;
			buildConfigurations = (
				685D4BAB2758F7AD00250C26 /* Debug */,
				685D4BAC2758F7AD00250C26 /* Release */,
			);
			defaultConfigurationIsVisible = 0;
			defaultConfigurationName = Release;
		};
/* End XCConfigurationList section */
	};
	rootObject = 685D4B8E2758F7AB00250C26 /* Project object */;
}
